// !$*UTF8*$!
{
	archiveVersion = 1;
	classes = {
	};
	objectVersion = 55;
	objects = {

/* Begin PBXBuildFile section */
		E73094212818333400E3933E /* AppDelegate.swift in Sources */ = {isa = PBXBuildFile; fileRef = E73094202818333400E3933E /* AppDelegate.swift */; };
		E73094232818333400E3933E /* SceneDelegate.swift in Sources */ = {isa = PBXBuildFile; fileRef = E73094222818333400E3933E /* SceneDelegate.swift */; };
		E730942A2818333900E3933E /* Assets.xcassets in Resources */ = {isa = PBXBuildFile; fileRef = E73094292818333900E3933E /* Assets.xcassets */; };
		E730942D2818333900E3933E /* LaunchScreen.storyboard in Resources */ = {isa = PBXBuildFile; fileRef = E730942B2818333900E3933E /* LaunchScreen.storyboard */; };
		E73094382818333A00E3933E /* GBShopTests.swift in Sources */ = {isa = PBXBuildFile; fileRef = E73094372818333A00E3933E /* GBShopTests.swift */; };
		E73094422818333A00E3933E /* GBShopUITests.swift in Sources */ = {isa = PBXBuildFile; fileRef = E73094412818333A00E3933E /* GBShopUITests.swift */; };
		E73094442818333A00E3933E /* GBShopUITestsLaunchTests.swift in Sources */ = {isa = PBXBuildFile; fileRef = E73094432818333A00E3933E /* GBShopUITestsLaunchTests.swift */; };
/* End PBXBuildFile section */

/* Begin PBXContainerItemProxy section */
		E73094342818333A00E3933E /* PBXContainerItemProxy */ = {
			isa = PBXContainerItemProxy;
			containerPortal = E73094152818333400E3933E /* Project object */;
			proxyType = 1;
			remoteGlobalIDString = E730941C2818333400E3933E;
			remoteInfo = GBShop;
		};
		E730943E2818333A00E3933E /* PBXContainerItemProxy */ = {
			isa = PBXContainerItemProxy;
			containerPortal = E73094152818333400E3933E /* Project object */;
			proxyType = 1;
			remoteGlobalIDString = E730941C2818333400E3933E;
			remoteInfo = GBShop;
		};
/* End PBXContainerItemProxy section */

/* Begin PBXFileReference section */
		E730941D2818333400E3933E /* GBShop.app */ = {isa = PBXFileReference; explicitFileType = wrapper.application; includeInIndex = 0; path = GBShop.app; sourceTree = BUILT_PRODUCTS_DIR; };
		E73094202818333400E3933E /* AppDelegate.swift */ = {isa = PBXFileReference; lastKnownFileType = sourcecode.swift; path = AppDelegate.swift; sourceTree = "<group>"; };
		E73094222818333400E3933E /* SceneDelegate.swift */ = {isa = PBXFileReference; lastKnownFileType = sourcecode.swift; path = SceneDelegate.swift; sourceTree = "<group>"; };
		E73094292818333900E3933E /* Assets.xcassets */ = {isa = PBXFileReference; lastKnownFileType = folder.assetcatalog; path = Assets.xcassets; sourceTree = "<group>"; };
		E730942C2818333900E3933E /* Base */ = {isa = PBXFileReference; lastKnownFileType = file.storyboard; name = Base; path = Base.lproj/LaunchScreen.storyboard; sourceTree = "<group>"; };
		E730942E2818333900E3933E /* Info.plist */ = {isa = PBXFileReference; lastKnownFileType = text.plist.xml; path = Info.plist; sourceTree = "<group>"; };
		E73094332818333A00E3933E /* GBShopTests.xctest */ = {isa = PBXFileReference; explicitFileType = wrapper.cfbundle; includeInIndex = 0; path = GBShopTests.xctest; sourceTree = BUILT_PRODUCTS_DIR; };
		E73094372818333A00E3933E /* GBShopTests.swift */ = {isa = PBXFileReference; lastKnownFileType = sourcecode.swift; path = GBShopTests.swift; sourceTree = "<group>"; };
		E730943D2818333A00E3933E /* GBShopUITests.xctest */ = {isa = PBXFileReference; explicitFileType = wrapper.cfbundle; includeInIndex = 0; path = GBShopUITests.xctest; sourceTree = BUILT_PRODUCTS_DIR; };
		E73094412818333A00E3933E /* GBShopUITests.swift */ = {isa = PBXFileReference; lastKnownFileType = sourcecode.swift; path = GBShopUITests.swift; sourceTree = "<group>"; };
		E73094432818333A00E3933E /* GBShopUITestsLaunchTests.swift */ = {isa = PBXFileReference; lastKnownFileType = sourcecode.swift; path = GBShopUITestsLaunchTests.swift; sourceTree = "<group>"; };
/* End PBXFileReference section */

/* Begin PBXFrameworksBuildPhase section */
		E730941A2818333400E3933E /* Frameworks */ = {
			isa = PBXFrameworksBuildPhase;
			buildActionMask = 2147483647;
			files = (
			);
			runOnlyForDeploymentPostprocessing = 0;
		};
		E73094302818333A00E3933E /* Frameworks */ = {
			isa = PBXFrameworksBuildPhase;
			buildActionMask = 2147483647;
			files = (
			);
			runOnlyForDeploymentPostprocessing = 0;
		};
		E730943A2818333A00E3933E /* Frameworks */ = {
			isa = PBXFrameworksBuildPhase;
			buildActionMask = 2147483647;
			files = (
			);
			runOnlyForDeploymentPostprocessing = 0;
		};
/* End PBXFrameworksBuildPhase section */

/* Begin PBXGroup section */
		E73094142818333400E3933E = {
			isa = PBXGroup;
			children = (
				E730941F2818333400E3933E /* GBShop */,
				E73094362818333A00E3933E /* GBShopTests */,
				E73094402818333A00E3933E /* GBShopUITests */,
				E730941E2818333400E3933E /* Products */,
			);
			sourceTree = "<group>";
		};
		E730941E2818333400E3933E /* Products */ = {
			isa = PBXGroup;
			children = (
				E730941D2818333400E3933E /* GBShop.app */,
				E73094332818333A00E3933E /* GBShopTests.xctest */,
				E730943D2818333A00E3933E /* GBShopUITests.xctest */,
			);
			name = Products;
			sourceTree = "<group>";
		};
		E730941F2818333400E3933E /* GBShop */ = {
			isa = PBXGroup;
			children = (
				E730945028195FA800E3933E /* App */,
				E7309455281961EA00E3933E /* Core */,
				E7309456281961F900E3933E /* Resources */,
				E73094572819621A00E3933E /* Environments */,
			);
			path = GBShop;
			sourceTree = "<group>";
		};
		E73094362818333A00E3933E /* GBShopTests */ = {
			isa = PBXGroup;
			children = (
				E73094372818333A00E3933E /* GBShopTests.swift */,
			);
			path = GBShopTests;
			sourceTree = "<group>";
		};
		E73094402818333A00E3933E /* GBShopUITests */ = {
			isa = PBXGroup;
			children = (
				E73094412818333A00E3933E /* GBShopUITests.swift */,
				E73094432818333A00E3933E /* GBShopUITestsLaunchTests.swift */,
			);
			path = GBShopUITests;
			sourceTree = "<group>";
		};
		E730945028195FA800E3933E /* App */ = {
			isa = PBXGroup;
			children = (
				E73094202818333400E3933E /* AppDelegate.swift */,
				E73094222818333400E3933E /* SceneDelegate.swift */,
				E73094512819610400E3933E /* BussinessLogic */,
				E73094522819611B00E3933E /* Entity */,
				E73094532819613E00E3933E /* Assembly */,
				E73094542819614C00E3933E /* Flows */,
			);
			path = App;
			sourceTree = "<group>";
		};
		E73094512819610400E3933E /* BussinessLogic */ = {
			isa = PBXGroup;
			children = (
			);
			path = BussinessLogic;
			sourceTree = "<group>";
		};
		E73094522819611B00E3933E /* Entity */ = {
			isa = PBXGroup;
			children = (
			);
			path = Entity;
			sourceTree = "<group>";
		};
		E73094532819613E00E3933E /* Assembly */ = {
			isa = PBXGroup;
			children = (
			);
			path = Assembly;
			sourceTree = "<group>";
		};
		E73094542819614C00E3933E /* Flows */ = {
			isa = PBXGroup;
			children = (
			);
			path = Flows;
			sourceTree = "<group>";
		};
		E7309455281961EA00E3933E /* Core */ = {
			isa = PBXGroup;
			children = (
			);
			path = Core;
			sourceTree = "<group>";
		};
		E7309456281961F900E3933E /* Resources */ = {
			isa = PBXGroup;
			children = (
				E73094292818333900E3933E /* Assets.xcassets */,
				E730942B2818333900E3933E /* LaunchScreen.storyboard */,
			);
			path = Resources;
			sourceTree = "<group>";
		};
		E73094572819621A00E3933E /* Environments */ = {
			isa = PBXGroup;
			children = (
				E730942E2818333900E3933E /* Info.plist */,
			);
			path = Environments;
			sourceTree = "<group>";
		};
/* End PBXGroup section */

/* Begin PBXNativeTarget section */
		E730941C2818333400E3933E /* GBShop */ = {
			isa = PBXNativeTarget;
			buildConfigurationList = E73094472818333A00E3933E /* Build configuration list for PBXNativeTarget "GBShop" */;
			buildPhases = (
				E73094192818333400E3933E /* Sources */,
				E730941A2818333400E3933E /* Frameworks */,
				E730941B2818333400E3933E /* Resources */,
			);
			buildRules = (
			);
			dependencies = (
			);
			name = GBShop;
			productName = GBShop;
			productReference = E730941D2818333400E3933E /* GBShop.app */;
			productType = "com.apple.product-type.application";
		};
		E73094322818333A00E3933E /* GBShopTests */ = {
			isa = PBXNativeTarget;
			buildConfigurationList = E730944A2818333A00E3933E /* Build configuration list for PBXNativeTarget "GBShopTests" */;
			buildPhases = (
				E730942F2818333A00E3933E /* Sources */,
				E73094302818333A00E3933E /* Frameworks */,
				E73094312818333A00E3933E /* Resources */,
			);
			buildRules = (
			);
			dependencies = (
				E73094352818333A00E3933E /* PBXTargetDependency */,
			);
			name = GBShopTests;
			productName = GBShopTests;
			productReference = E73094332818333A00E3933E /* GBShopTests.xctest */;
			productType = "com.apple.product-type.bundle.unit-test";
		};
		E730943C2818333A00E3933E /* GBShopUITests */ = {
			isa = PBXNativeTarget;
			buildConfigurationList = E730944D2818333A00E3933E /* Build configuration list for PBXNativeTarget "GBShopUITests" */;
			buildPhases = (
				E73094392818333A00E3933E /* Sources */,
				E730943A2818333A00E3933E /* Frameworks */,
				E730943B2818333A00E3933E /* Resources */,
			);
			buildRules = (
			);
			dependencies = (
				E730943F2818333A00E3933E /* PBXTargetDependency */,
			);
			name = GBShopUITests;
			productName = GBShopUITests;
			productReference = E730943D2818333A00E3933E /* GBShopUITests.xctest */;
			productType = "com.apple.product-type.bundle.ui-testing";
		};
/* End PBXNativeTarget section */

/* Begin PBXProject section */
		E73094152818333400E3933E /* Project object */ = {
			isa = PBXProject;
			attributes = {
				BuildIndependentTargetsInParallel = 1;
				LastSwiftUpdateCheck = 1330;
				LastUpgradeCheck = 1330;
				TargetAttributes = {
					E730941C2818333400E3933E = {
						CreatedOnToolsVersion = 13.3.1;
					};
					E73094322818333A00E3933E = {
						CreatedOnToolsVersion = 13.3.1;
						TestTargetID = E730941C2818333400E3933E;
					};
					E730943C2818333A00E3933E = {
						CreatedOnToolsVersion = 13.3.1;
						TestTargetID = E730941C2818333400E3933E;
					};
				};
			};
			buildConfigurationList = E73094182818333400E3933E /* Build configuration list for PBXProject "GBShop" */;
			compatibilityVersion = "Xcode 13.0";
			developmentRegion = en;
			hasScannedForEncodings = 0;
			knownRegions = (
				en,
				Base,
			);
			mainGroup = E73094142818333400E3933E;
			productRefGroup = E730941E2818333400E3933E /* Products */;
			projectDirPath = "";
			projectRoot = "";
			targets = (
				E730941C2818333400E3933E /* GBShop */,
				E73094322818333A00E3933E /* GBShopTests */,
				E730943C2818333A00E3933E /* GBShopUITests */,
			);
		};
/* End PBXProject section */

/* Begin PBXResourcesBuildPhase section */
		E730941B2818333400E3933E /* Resources */ = {
			isa = PBXResourcesBuildPhase;
			buildActionMask = 2147483647;
			files = (
				E730942D2818333900E3933E /* LaunchScreen.storyboard in Resources */,
				E730942A2818333900E3933E /* Assets.xcassets in Resources */,
			);
			runOnlyForDeploymentPostprocessing = 0;
		};
		E73094312818333A00E3933E /* Resources */ = {
			isa = PBXResourcesBuildPhase;
			buildActionMask = 2147483647;
			files = (
			);
			runOnlyForDeploymentPostprocessing = 0;
		};
		E730943B2818333A00E3933E /* Resources */ = {
			isa = PBXResourcesBuildPhase;
			buildActionMask = 2147483647;
			files = (
			);
			runOnlyForDeploymentPostprocessing = 0;
		};
/* End PBXResourcesBuildPhase section */

/* Begin PBXSourcesBuildPhase section */
		E73094192818333400E3933E /* Sources */ = {
			isa = PBXSourcesBuildPhase;
			buildActionMask = 2147483647;
			files = (
				E73094212818333400E3933E /* AppDelegate.swift in Sources */,
				E73094232818333400E3933E /* SceneDelegate.swift in Sources */,
			);
			runOnlyForDeploymentPostprocessing = 0;
		};
		E730942F2818333A00E3933E /* Sources */ = {
			isa = PBXSourcesBuildPhase;
			buildActionMask = 2147483647;
			files = (
				E73094382818333A00E3933E /* GBShopTests.swift in Sources */,
			);
			runOnlyForDeploymentPostprocessing = 0;
		};
		E73094392818333A00E3933E /* Sources */ = {
			isa = PBXSourcesBuildPhase;
			buildActionMask = 2147483647;
			files = (
				E73094422818333A00E3933E /* GBShopUITests.swift in Sources */,
				E73094442818333A00E3933E /* GBShopUITestsLaunchTests.swift in Sources */,
			);
			runOnlyForDeploymentPostprocessing = 0;
		};
/* End PBXSourcesBuildPhase section */

/* Begin PBXTargetDependency section */
		E73094352818333A00E3933E /* PBXTargetDependency */ = {
			isa = PBXTargetDependency;
			target = E730941C2818333400E3933E /* GBShop */;
			targetProxy = E73094342818333A00E3933E /* PBXContainerItemProxy */;
		};
		E730943F2818333A00E3933E /* PBXTargetDependency */ = {
			isa = PBXTargetDependency;
			target = E730941C2818333400E3933E /* GBShop */;
			targetProxy = E730943E2818333A00E3933E /* PBXContainerItemProxy */;
		};
/* End PBXTargetDependency section */

/* Begin PBXVariantGroup section */
		E730942B2818333900E3933E /* LaunchScreen.storyboard */ = {
			isa = PBXVariantGroup;
			children = (
				E730942C2818333900E3933E /* Base */,
			);
			name = LaunchScreen.storyboard;
			sourceTree = "<group>";
		};
/* End PBXVariantGroup section */

/* Begin XCBuildConfiguration section */
		E73094452818333A00E3933E /* Debug */ = {
			isa = XCBuildConfiguration;
			buildSettings = {
				ALWAYS_SEARCH_USER_PATHS = NO;
				CLANG_ANALYZER_NONNULL = YES;
				CLANG_ANALYZER_NUMBER_OBJECT_CONVERSION = YES_AGGRESSIVE;
				CLANG_CXX_LANGUAGE_STANDARD = "gnu++17";
				CLANG_ENABLE_MODULES = YES;
				CLANG_ENABLE_OBJC_ARC = YES;
				CLANG_ENABLE_OBJC_WEAK = YES;
				CLANG_WARN_BLOCK_CAPTURE_AUTORELEASING = YES;
				CLANG_WARN_BOOL_CONVERSION = YES;
				CLANG_WARN_COMMA = YES;
				CLANG_WARN_CONSTANT_CONVERSION = YES;
				CLANG_WARN_DEPRECATED_OBJC_IMPLEMENTATIONS = YES;
				CLANG_WARN_DIRECT_OBJC_ISA_USAGE = YES_ERROR;
				CLANG_WARN_DOCUMENTATION_COMMENTS = YES;
				CLANG_WARN_EMPTY_BODY = YES;
				CLANG_WARN_ENUM_CONVERSION = YES;
				CLANG_WARN_INFINITE_RECURSION = YES;
				CLANG_WARN_INT_CONVERSION = YES;
				CLANG_WARN_NON_LITERAL_NULL_CONVERSION = YES;
				CLANG_WARN_OBJC_IMPLICIT_RETAIN_SELF = YES;
				CLANG_WARN_OBJC_LITERAL_CONVERSION = YES;
				CLANG_WARN_OBJC_ROOT_CLASS = YES_ERROR;
				CLANG_WARN_QUOTED_INCLUDE_IN_FRAMEWORK_HEADER = YES;
				CLANG_WARN_RANGE_LOOP_ANALYSIS = YES;
				CLANG_WARN_STRICT_PROTOTYPES = YES;
				CLANG_WARN_SUSPICIOUS_MOVE = YES;
				CLANG_WARN_UNGUARDED_AVAILABILITY = YES_AGGRESSIVE;
				CLANG_WARN_UNREACHABLE_CODE = YES;
				CLANG_WARN__DUPLICATE_METHOD_MATCH = YES;
				COPY_PHASE_STRIP = NO;
				DEBUG_INFORMATION_FORMAT = dwarf;
				ENABLE_STRICT_OBJC_MSGSEND = YES;
				ENABLE_TESTABILITY = YES;
				GCC_C_LANGUAGE_STANDARD = gnu11;
				GCC_DYNAMIC_NO_PIC = NO;
				GCC_NO_COMMON_BLOCKS = YES;
				GCC_OPTIMIZATION_LEVEL = 0;
				GCC_PREPROCESSOR_DEFINITIONS = (
					"DEBUG=1",
					"$(inherited)",
				);
				GCC_WARN_64_TO_32_BIT_CONVERSION = YES;
				GCC_WARN_ABOUT_RETURN_TYPE = YES_ERROR;
				GCC_WARN_UNDECLARED_SELECTOR = YES;
				GCC_WARN_UNINITIALIZED_AUTOS = YES_AGGRESSIVE;
				GCC_WARN_UNUSED_FUNCTION = YES;
				GCC_WARN_UNUSED_VARIABLE = YES;
				IPHONEOS_DEPLOYMENT_TARGET = 15.4;
				MTL_ENABLE_DEBUG_INFO = INCLUDE_SOURCE;
				MTL_FAST_MATH = YES;
				ONLY_ACTIVE_ARCH = YES;
				SDKROOT = iphoneos;
				SWIFT_ACTIVE_COMPILATION_CONDITIONS = DEBUG;
				SWIFT_OPTIMIZATION_LEVEL = "-Onone";
			};
			name = Debug;
		};
		E73094462818333A00E3933E /* Release */ = {
			isa = XCBuildConfiguration;
			buildSettings = {
				ALWAYS_SEARCH_USER_PATHS = NO;
				CLANG_ANALYZER_NONNULL = YES;
				CLANG_ANALYZER_NUMBER_OBJECT_CONVERSION = YES_AGGRESSIVE;
				CLANG_CXX_LANGUAGE_STANDARD = "gnu++17";
				CLANG_ENABLE_MODULES = YES;
				CLANG_ENABLE_OBJC_ARC = YES;
				CLANG_ENABLE_OBJC_WEAK = YES;
				CLANG_WARN_BLOCK_CAPTURE_AUTORELEASING = YES;
				CLANG_WARN_BOOL_CONVERSION = YES;
				CLANG_WARN_COMMA = YES;
				CLANG_WARN_CONSTANT_CONVERSION = YES;
				CLANG_WARN_DEPRECATED_OBJC_IMPLEMENTATIONS = YES;
				CLANG_WARN_DIRECT_OBJC_ISA_USAGE = YES_ERROR;
				CLANG_WARN_DOCUMENTATION_COMMENTS = YES;
				CLANG_WARN_EMPTY_BODY = YES;
				CLANG_WARN_ENUM_CONVERSION = YES;
				CLANG_WARN_INFINITE_RECURSION = YES;
				CLANG_WARN_INT_CONVERSION = YES;
				CLANG_WARN_NON_LITERAL_NULL_CONVERSION = YES;
				CLANG_WARN_OBJC_IMPLICIT_RETAIN_SELF = YES;
				CLANG_WARN_OBJC_LITERAL_CONVERSION = YES;
				CLANG_WARN_OBJC_ROOT_CLASS = YES_ERROR;
				CLANG_WARN_QUOTED_INCLUDE_IN_FRAMEWORK_HEADER = YES;
				CLANG_WARN_RANGE_LOOP_ANALYSIS = YES;
				CLANG_WARN_STRICT_PROTOTYPES = YES;
				CLANG_WARN_SUSPICIOUS_MOVE = YES;
				CLANG_WARN_UNGUARDED_AVAILABILITY = YES_AGGRESSIVE;
				CLANG_WARN_UNREACHABLE_CODE = YES;
				CLANG_WARN__DUPLICATE_METHOD_MATCH = YES;
				COPY_PHASE_STRIP = NO;
				DEBUG_INFORMATION_FORMAT = "dwarf-with-dsym";
				ENABLE_NS_ASSERTIONS = NO;
				ENABLE_STRICT_OBJC_MSGSEND = YES;
				GCC_C_LANGUAGE_STANDARD = gnu11;
				GCC_NO_COMMON_BLOCKS = YES;
				GCC_WARN_64_TO_32_BIT_CONVERSION = YES;
				GCC_WARN_ABOUT_RETURN_TYPE = YES_ERROR;
				GCC_WARN_UNDECLARED_SELECTOR = YES;
				GCC_WARN_UNINITIALIZED_AUTOS = YES_AGGRESSIVE;
				GCC_WARN_UNUSED_FUNCTION = YES;
				GCC_WARN_UNUSED_VARIABLE = YES;
				IPHONEOS_DEPLOYMENT_TARGET = 15.4;
				MTL_ENABLE_DEBUG_INFO = NO;
				MTL_FAST_MATH = YES;
				SDKROOT = iphoneos;
				SWIFT_COMPILATION_MODE = wholemodule;
				SWIFT_OPTIMIZATION_LEVEL = "-O";
				VALIDATE_PRODUCT = YES;
			};
			name = Release;
		};
		E73094482818333A00E3933E /* Debug */ = {
			isa = XCBuildConfiguration;
			buildSettings = {
				ASSETCATALOG_COMPILER_APPICON_NAME = AppIcon;
				ASSETCATALOG_COMPILER_GLOBAL_ACCENT_COLOR_NAME = AccentColor;
				CODE_SIGN_STYLE = Automatic;
				CURRENT_PROJECT_VERSION = 1;
				DEVELOPMENT_TEAM = V92DU67G4K;
				GENERATE_INFOPLIST_FILE = YES;
				INFOPLIST_FILE = GBShop/Info.plist;
				INFOPLIST_KEY_UIApplicationSupportsIndirectInputEvents = YES;
				INFOPLIST_KEY_UILaunchStoryboardName = LaunchScreen;
				INFOPLIST_KEY_UISupportedInterfaceOrientations_iPad = "UIInterfaceOrientationPortrait UIInterfaceOrientationPortraitUpsideDown UIInterfaceOrientationLandscapeLeft UIInterfaceOrientationLandscapeRight";
				INFOPLIST_KEY_UISupportedInterfaceOrientations_iPhone = "UIInterfaceOrientationPortrait UIInterfaceOrientationLandscapeLeft UIInterfaceOrientationLandscapeRight";
				LD_RUNPATH_SEARCH_PATHS = (
					"$(inherited)",
					"@executable_path/Frameworks",
				);
				MARKETING_VERSION = 1.0;
				PRODUCT_BUNDLE_IDENTIFIER = Krylov.GBShop;
				PRODUCT_NAME = "$(TARGET_NAME)";
				SWIFT_EMIT_LOC_STRINGS = YES;
				SWIFT_VERSION = 5.0;
				TARGETED_DEVICE_FAMILY = "1,2";
			};
			name = Debug;
		};
		E73094492818333A00E3933E /* Release */ = {
			isa = XCBuildConfiguration;
			buildSettings = {
				ASSETCATALOG_COMPILER_APPICON_NAME = AppIcon;
				ASSETCATALOG_COMPILER_GLOBAL_ACCENT_COLOR_NAME = AccentColor;
				CODE_SIGN_STYLE = Automatic;
				CURRENT_PROJECT_VERSION = 1;
				DEVELOPMENT_TEAM = V92DU67G4K;
				GENERATE_INFOPLIST_FILE = YES;
				INFOPLIST_FILE = GBShop/Info.plist;
				INFOPLIST_KEY_UIApplicationSupportsIndirectInputEvents = YES;
				INFOPLIST_KEY_UILaunchStoryboardName = LaunchScreen;
				INFOPLIST_KEY_UISupportedInterfaceOrientations_iPad = "UIInterfaceOrientationPortrait UIInterfaceOrientationPortraitUpsideDown UIInterfaceOrientationLandscapeLeft UIInterfaceOrientationLandscapeRight";
				INFOPLIST_KEY_UISupportedInterfaceOrientations_iPhone = "UIInterfaceOrientationPortrait UIInterfaceOrientationLandscapeLeft UIInterfaceOrientationLandscapeRight";
				LD_RUNPATH_SEARCH_PATHS = (
					"$(inherited)",
					"@executable_path/Frameworks",
				);
				MARKETING_VERSION = 1.0;
				PRODUCT_BUNDLE_IDENTIFIER = Krylov.GBShop;
				PRODUCT_NAME = "$(TARGET_NAME)";
				SWIFT_EMIT_LOC_STRINGS = YES;
				SWIFT_VERSION = 5.0;
				TARGETED_DEVICE_FAMILY = "1,2";
			};
			name = Release;
		};
		E730944B2818333A00E3933E /* Debug */ = {
			isa = XCBuildConfiguration;
			buildSettings = {
				ALWAYS_EMBED_SWIFT_STANDARD_LIBRARIES = YES;
				BUNDLE_LOADER = "$(TEST_HOST)";
				CODE_SIGN_STYLE = Automatic;
				CURRENT_PROJECT_VERSION = 1;
				DEVELOPMENT_TEAM = V92DU67G4K;
				GENERATE_INFOPLIST_FILE = YES;
				IPHONEOS_DEPLOYMENT_TARGET = 15.4;
				MARKETING_VERSION = 1.0;
				PRODUCT_BUNDLE_IDENTIFIER = Krylov.GBShopTests;
				PRODUCT_NAME = "$(TARGET_NAME)";
				SWIFT_EMIT_LOC_STRINGS = NO;
				SWIFT_VERSION = 5.0;
				TARGETED_DEVICE_FAMILY = "1,2";
				TEST_HOST = "$(BUILT_PRODUCTS_DIR)/GBShop.app/GBShop";
			};
			name = Debug;
		};
		E730944C2818333A00E3933E /* Release */ = {
			isa = XCBuildConfiguration;
			buildSettings = {
				ALWAYS_EMBED_SWIFT_STANDARD_LIBRARIES = YES;
				BUNDLE_LOADER = "$(TEST_HOST)";
				CODE_SIGN_STYLE = Automatic;
				CURRENT_PROJECT_VERSION = 1;
				DEVELOPMENT_TEAM = V92DU67G4K;
				GENERATE_INFOPLIST_FILE = YES;
				IPHONEOS_DEPLOYMENT_TARGET = 15.4;
				MARKETING_VERSION = 1.0;
				PRODUCT_BUNDLE_IDENTIFIER = Krylov.GBShopTests;
				PRODUCT_NAME = "$(TARGET_NAME)";
				SWIFT_EMIT_LOC_STRINGS = NO;
				SWIFT_VERSION = 5.0;
				TARGETED_DEVICE_FAMILY = "1,2";
				TEST_HOST = "$(BUILT_PRODUCTS_DIR)/GBShop.app/GBShop";
			};
			name = Release;
		};
		E730944E2818333A00E3933E /* Debug */ = {
			isa = XCBuildConfiguration;
			buildSettings = {
				ALWAYS_EMBED_SWIFT_STANDARD_LIBRARIES = YES;
				CODE_SIGN_STYLE = Automatic;
				CURRENT_PROJECT_VERSION = 1;
				DEVELOPMENT_TEAM = V92DU67G4K;
				GENERATE_INFOPLIST_FILE = YES;
				MARKETING_VERSION = 1.0;
				PRODUCT_BUNDLE_IDENTIFIER = Krylov.GBShopUITests;
				PRODUCT_NAME = "$(TARGET_NAME)";
				SWIFT_EMIT_LOC_STRINGS = NO;
				SWIFT_VERSION = 5.0;
				TARGETED_DEVICE_FAMILY = "1,2";
				TEST_TARGET_NAME = GBShop;
			};
			name = Debug;
		};
		E730944F2818333A00E3933E /* Release */ = {
			isa = XCBuildConfiguration;
			buildSettings = {
				ALWAYS_EMBED_SWIFT_STANDARD_LIBRARIES = YES;
				CODE_SIGN_STYLE = Automatic;
				CURRENT_PROJECT_VERSION = 1;
				DEVELOPMENT_TEAM = V92DU67G4K;
				GENERATE_INFOPLIST_FILE = YES;
				MARKETING_VERSION = 1.0;
				PRODUCT_BUNDLE_IDENTIFIER = Krylov.GBShopUITests;
				PRODUCT_NAME = "$(TARGET_NAME)";
				SWIFT_EMIT_LOC_STRINGS = NO;
				SWIFT_VERSION = 5.0;
				TARGETED_DEVICE_FAMILY = "1,2";
				TEST_TARGET_NAME = GBShop;
			};
			name = Release;
		};
/* End XCBuildConfiguration section */

/* Begin XCConfigurationList section */
		E73094182818333400E3933E /* Build configuration list for PBXProject "GBShop" */ = {
			isa = XCConfigurationList;
			buildConfigurations = (
				E73094452818333A00E3933E /* Debug */,
				E73094462818333A00E3933E /* Release */,
			);
			defaultConfigurationIsVisible = 0;
			defaultConfigurationName = Release;
		};
		E73094472818333A00E3933E /* Build configuration list for PBXNativeTarget "GBShop" */ = {
			isa = XCConfigurationList;
			buildConfigurations = (
				E73094482818333A00E3933E /* Debug */,
				E73094492818333A00E3933E /* Release */,
			);
			defaultConfigurationIsVisible = 0;
			defaultConfigurationName = Release;
		};
		E730944A2818333A00E3933E /* Build configuration list for PBXNativeTarget "GBShopTests" */ = {
			isa = XCConfigurationList;
			buildConfigurations = (
				E730944B2818333A00E3933E /* Debug */,
				E730944C2818333A00E3933E /* Release */,
			);
			defaultConfigurationIsVisible = 0;
			defaultConfigurationName = Release;
		};
		E730944D2818333A00E3933E /* Build configuration list for PBXNativeTarget "GBShopUITests" */ = {
			isa = XCConfigurationList;
			buildConfigurations = (
				E730944E2818333A00E3933E /* Debug */,
				E730944F2818333A00E3933E /* Release */,
			);
			defaultConfigurationIsVisible = 0;
			defaultConfigurationName = Release;
		};
/* End XCConfigurationList section */
	};
	rootObject = E73094152818333400E3933E /* Project object */;
}
